
Microsoft Visual Studio Solution File, Format Version 12.00
# Visual Studio Version 17
VisualStudioVersion = 17.13.35931.197
MinimumVisualStudioVersion = 10.0.40219.1
Project("{FAE04EC0-301F-11D3-BF4B-00C04F79EFBC}") = "Gener8", "Gener8\Gener8.csproj", "{0D751E11-20A4-4655-95E8-875626B67082}"
EndProject
Project("{FAE04EC0-301F-11D3-BF4B-00C04F79EFBC}") = "Gener8.Core", "Gener8.Core\Gener8.Core.csproj", "{0A473BE0-A04B-4C10-B4BF-3662BAD24E0A}"
EndProject
Project("{FAE04EC0-301F-11D3-BF4B-00C04F79EFBC}") = "Gener8.Commands", "Gener8.Commands\Gener8.Commands.csproj", "{E4033D21-64B6-44B6-B29A-2AFEEE2FFAA6}"
EndProject
Project("{2150E333-8FDC-42A3-9474-1A3956D46DE8}") = "Solution Items", "Solution Items", "{8EC462FD-D22E-90A8-E5CE-7E832BA40C5D}"
	ProjectSection(SolutionItems) = preProject
		.csharpierignore = .csharpierignore
		.csharpierrc.yaml = .csharpierrc.yaml
		.editorconfig = .editorconfig
		.gitattributes = .gitattributes
		.gitignore = .gitignore
		Directory.Build.props = Directory.Build.props
		gener8-icon-color.png = gener8-icon-color.png
		global.json = global.json
		LICENSE.txt = LICENSE.txt
		README.md = README.md
	EndProjectSection
EndProject
Project("{2150E333-8FDC-42A3-9474-1A3956D46DE8}") = "test", "test", "{02EA681E-C7D8-13C7-8484-4AC65E1B71E8}"
EndProject
Project("{FAE04EC0-301F-11D3-BF4B-00C04F79EFBC}") = "Gener8.Core.Tests", "test\Gener8.Core.Tests\Gener8.Core.Tests.csproj", "{E7653F90-6B88-4219-9230-26A02FBD6FC6}"
EndProject
Project("{FAE04EC0-301F-11D3-BF4B-00C04F79EFBC}") = "Gener8.IntegrationTests", "test\Gener8.IntegrationTests\Gener8.IntegrationTests.csproj", "{F2208EA1-13C2-431A-8438-4BCAA7178795}"
EndProject
Global
	GlobalSection(SolutionConfigurationPlatforms) = preSolution
		Debug|Any CPU = Debug|Any CPU
		Release|Any CPU = Release|Any CPU
	EndGlobalSection
	GlobalSection(ProjectConfigurationPlatforms) = postSolution
		{0D751E11-20A4-4655-95E8-875626B67082}.Debug|Any CPU.ActiveCfg = Debug|Any CPU
		{0D751E11-20A4-4655-95E8-875626B67082}.Debug|Any CPU.Build.0 = Debug|Any CPU
		{0D751E11-20A4-4655-95E8-875626B67082}.Release|Any CPU.ActiveCfg = Release|Any CPU
		{0D751E11-20A4-4655-95E8-875626B67082}.Release|Any CPU.Build.0 = Release|Any CPU
		{0A473BE0-A04B-4C10-B4BF-3662BAD24E0A}.Debug|Any CPU.ActiveCfg = Debug|Any CPU
		{0A473BE0-A04B-4C10-B4BF-3662BAD24E0A}.Debug|Any CPU.Build.0 = Debug|Any CPU
		{0A473BE0-A04B-4C10-B4BF-3662BAD24E0A}.Release|Any CPU.ActiveCfg = Release|Any CPU
		{0A473BE0-A04B-4C10-B4BF-3662BAD24E0A}.Release|Any CPU.Build.0 = Release|Any CPU
		{E4033D21-64B6-44B6-B29A-2AFEEE2FFAA6}.Debug|Any CPU.ActiveCfg = Debug|Any CPU
		{E4033D21-64B6-44B6-B29A-2AFEEE2FFAA6}.Debug|Any CPU.Build.0 = Debug|Any CPU
		{E4033D21-64B6-44B6-B29A-2AFEEE2FFAA6}.Release|Any CPU.ActiveCfg = Release|Any CPU
		{E4033D21-64B6-44B6-B29A-2AFEEE2FFAA6}.Release|Any CPU.Build.0 = Release|Any CPU
		{E7653F90-6B88-4219-9230-26A02FBD6FC6}.Debug|Any CPU.ActiveCfg = Debug|Any CPU
		{E7653F90-6B88-4219-9230-26A02FBD6FC6}.Debug|Any CPU.Build.0 = Debug|Any CPU
		{E7653F90-6B88-4219-9230-26A02FBD6FC6}.Release|Any CPU.ActiveCfg = Release|Any CPU
		{E7653F90-6B88-4219-9230-26A02FBD6FC6}.Release|Any CPU.Build.0 = Release|Any CPU
		{F2208EA1-13C2-431A-8438-4BCAA7178795}.Debug|Any CPU.ActiveCfg = Debug|Any CPU
		{F2208EA1-13C2-431A-8438-4BCAA7178795}.Debug|Any CPU.Build.0 = Debug|Any CPU
		{F2208EA1-13C2-431A-8438-4BCAA7178795}.Release|Any CPU.ActiveCfg = Release|Any CPU
		{F2208EA1-13C2-431A-8438-4BCAA7178795}.Release|Any CPU.Build.0 = Release|Any CPU
	EndGlobalSection
	GlobalSection(SolutionProperties) = preSolution
		HideSolutionNode = FALSE
	EndGlobalSection
	GlobalSection(NestedProjects) = preSolution
		{E7653F90-6B88-4219-9230-26A02FBD6FC6} = {02EA681E-C7D8-13C7-8484-4AC65E1B71E8}
		{F2208EA1-13C2-431A-8438-4BCAA7178795} = {02EA681E-C7D8-13C7-8484-4AC65E1B71E8}
	EndGlobalSection
	GlobalSection(ExtensibilityGlobals) = postSolution
		SolutionGuid = {33D92381-96FE-4732-B710-96A2E0124F72}
	EndGlobalSection
EndGlobal
